
Microsoft Visual Studio Solution File, Format Version 12.00
# Visual Studio Version 16
VisualStudioVersion = 16.0.31911.196
MinimumVisualStudioVersion = 10.0.40219.1
Project("{FAE04EC0-301F-11D3-BF4B-00C04F79EFBC}") = "SmallWorldPhenomenon", "SmallWorldPhenomenon\SmallWorldPhenomenon.csproj", "{1402B979-6466-4438-9A2B-47982B31A30E}"
EndProject
Global
	GlobalSection(SolutionConfigurationPlatforms) = preSolution
		Debug|Any CPU = Debug|Any CPU
		Release|Any CPU = Release|Any CPU
	EndGlobalSection
	GlobalSection(ProjectConfigurationPlatforms) = postSolution
		{1402B979-6466-4438-9A2B-47982B31A30E}.Debug|Any CPU.ActiveCfg = Debug|Any CPU
		{1402B979-6466-4438-9A2B-47982B31A30E}.Debug|Any CPU.Build.0 = Debug|Any CPU
		{1402B979-6466-4438-9A2B-47982B31A30E}.Release|Any CPU.ActiveCfg = Release|Any CPU
		{1402B979-6466-4438-9A2B-47982B31A30E}.Release|Any CPU.Build.0 = Release|Any CPU
	EndGlobalSection
	GlobalSection(SolutionProperties) = preSolution
		HideSolutionNode = FALSE
	EndGlobalSection
	GlobalSection(ExtensibilityGlobals) = postSolution
		SolutionGuid = {B7BF1959-B0CA-484D-8C7C-AAD39ADD2070}
	EndGlobalSection
EndGlobal
